# This file was autogenerated by Stack.
# You should not edit this file by hand.
# For more information, please see the documentation at:
#   https://docs.haskellstack.org/en/stable/lock_files

packages:
- completed:
    hackage: errata-0.3.0.0@sha256:3537e4b29a22c0fd9866dce5d7fac2ad16e9ff636b6ecbe819ab21a56366cc8d,2086
    pantry-tree:
      size: 683
      sha256: 137a43b8531539661c590dd6fdf322bd00a8303d0df031e313c4aed271dea415
  original:
    hackage: errata-0.3.0.0
snapshots:
- completed:
    size: 585392
    url: https://raw.githubusercontent.com/commercialhaskell/stackage-snapshots/master/lts/18/2.yaml
    sha256: 7abb45c0cc5eb349448b66d8753655542d45d387ad26970419282eab3d860724
  original: lts-18.2
