# This file was autogenerated by Stack.
# You should not edit this file by hand.
# For more information, please see the documentation at:
#   https://docs.haskellstack.org/en/stable/lock_files

packages:
- completed:
    hackage: errata-0.3.0.0@sha256:3537e4b29a22c0fd9866dce5d7fac2ad16e9ff636b6ecbe819ab21a56366cc8d,2086
    pantry-tree:
      size: 683
      sha256: 137a43b8531539661c590dd6fdf322bd00a8303d0df031e313c4aed271dea415
  original:
    hackage: errata-0.3.0.0
snapshots:
- completed:
    size: 586110
    url: https://raw.githubusercontent.com/commercialhaskell/stackage-snapshots/master/lts/18/21.yaml
    sha256: ce4fb8d44f3c6c6032060a02e0ebb1bd29937c9a70101c1517b92a87d9515160
  original: lts-18.21
